github.com/adrg/libvlc-go v0.0.1 h1:4bh+vz1XQ+mglpKzSWryhOhmyN85HrzWxzGoGfbbldU=
github.com/adrg/libvlc-go/v3 v3.0.6 h1:uRjdmHCV64T1o5XF3ZHOcvBOqEiJP5MoqmUgW/Ojvtw=
github.com/adrg/libvlc-go/v3 v3.0.6/go.mod h1:xJK0YD8cyMDejnrTFQinStE6RYCV1nlfS8KmqTpszSc=
github.com/gotk3/gotk3 v0.5.0 h1:GOkq4cFgAfeK6YAukLi64bz8zPayZKeCSSRr4mcFReQ=
github.com/gotk3/gotk3 v0.5.0/go.mod h1:/hqFpkNa9T3JgNAE2fLvCdov7c5bw//FHNZrZ3Uv9/Q=
